// !$*UTF8*$!
{
	archiveVersion = 1;
	classes = {
	};
	objectVersion = 46;
	objects = {

/* Begin PBXBuildFile section */
		30A3253505C8E511FF5F26CE /* Pods.framework in Frameworks */ = {isa = PBXBuildFile; fileRef = 63FE1142331D1D7CE3E3CFB8 /* Pods.framework */; settings = {ATTRIBUTES = (Weak, ); }; };
		7939C65E1B4D5F3B00081FAE /* MainTableViewController.swift in Sources */ = {isa = PBXBuildFile; fileRef = 7939C65D1B4D5F3B00081FAE /* MainTableViewController.swift */; };
		793C12A91B515F61003E59D3 /* EntitiesManager.swift in Sources */ = {isa = PBXBuildFile; fileRef = 794ABA6F1B50569200A02B2D /* EntitiesManager.swift */; };
		793C12B31B51610E003E59D3 /* TodoEntity.swift in Sources */ = {isa = PBXBuildFile; fileRef = 7955A5A81B502EFC00677F2E /* TodoEntity.swift */; };
		793C12B41B51610E003E59D3 /* Storage+WatchSample.swift in Sources */ = {isa = PBXBuildFile; fileRef = 7955A5D41B503DBE00677F2E /* Storage+WatchSample.swift */; };
		793C12B61B517A75003E59D3 /* EntitiesDetailInterfaceController.swift in Sources */ = {isa = PBXBuildFile; fileRef = 793C12B51B517A75003E59D3 /* EntitiesDetailInterfaceController.swift */; };
		7945562B1B5141CD0084F048 /* StorageWatch.h in Headers */ = {isa = PBXBuildFile; fileRef = 7945562A1B5141CD0084F048 /* StorageWatch.h */; settings = {ATTRIBUTES = (Public, ); }; };
		7945562C1B51420D0084F048 /* Defination.swift in Sources */ = {isa = PBXBuildFile; fileRef = 7955A5D11B50326900677F2E /* Defination.swift */; };
		7945562D1B51420D0084F048 /* Storage.swift in Sources */ = {isa = PBXBuildFile; fileRef = 7955A5AA1B502F8300677F2E /* Storage.swift */; };
		7945562E1B51420D0084F048 /* StorageCache.swift in Sources */ = {isa = PBXBuildFile; fileRef = 7955A5CF1B50321900677F2E /* StorageCache.swift */; };
		794556301B51451F0084F048 /* EntityRowController.swift in Sources */ = {isa = PBXBuildFile; fileRef = 7945562F1B51451F0084F048 /* EntityRowController.swift */; };
		794ABA6C1B504DEB00A02B2D /* NSDate+FormatString.swift in Sources */ = {isa = PBXBuildFile; fileRef = 794ABA6B1B504DEB00A02B2D /* NSDate+FormatString.swift */; };
		794ABA6E1B50522A00A02B2D /* PriorityOption.swift in Sources */ = {isa = PBXBuildFile; fileRef = 794ABA6D1B50522A00A02B2D /* PriorityOption.swift */; };
		794ABA701B50569200A02B2D /* EntitiesManager.swift in Sources */ = {isa = PBXBuildFile; fileRef = 794ABA6F1B50569200A02B2D /* EntitiesManager.swift */; };
		794ABA721B50591900A02B2D /* EntityFormViewController.swift in Sources */ = {isa = PBXBuildFile; fileRef = 794ABA711B50591900A02B2D /* EntityFormViewController.swift */; };
		794ABA741B5069B200A02B2D /* EntityFormViewController.swift in Sources */ = {isa = PBXBuildFile; fileRef = 794ABA711B50591900A02B2D /* EntityFormViewController.swift */; };
		794ABA7D1B50DCF000A02B2D /* Interface.storyboard in Resources */ = {isa = PBXBuildFile; fileRef = 794ABA7B1B50DCF000A02B2D /* Interface.storyboard */; };
		794ABA7F1B50DCF000A02B2D /* Assets.xcassets in Resources */ = {isa = PBXBuildFile; fileRef = 794ABA7E1B50DCF000A02B2D /* Assets.xcassets */; };
		794ABA861B50DCF000A02B2D /* Todo Extension.appex in Embed App Extensions */ = {isa = PBXBuildFile; fileRef = 794ABA851B50DCF000A02B2D /* Todo Extension.appex */; settings = {ATTRIBUTES = (RemoveHeadersOnCopy, ); }; };
		794ABA8D1B50DCF000A02B2D /* InterfaceController.swift in Sources */ = {isa = PBXBuildFile; fileRef = 794ABA8C1B50DCF000A02B2D /* InterfaceController.swift */; };
		794ABA8F1B50DCF000A02B2D /* ExtensionDelegate.swift in Sources */ = {isa = PBXBuildFile; fileRef = 794ABA8E1B50DCF000A02B2D /* ExtensionDelegate.swift */; };
		794ABA911B50DCF000A02B2D /* NotificationController.swift in Sources */ = {isa = PBXBuildFile; fileRef = 794ABA901B50DCF000A02B2D /* NotificationController.swift */; };
		794ABA931B50DCF000A02B2D /* GlanceController.swift in Sources */ = {isa = PBXBuildFile; fileRef = 794ABA921B50DCF000A02B2D /* GlanceController.swift */; };
		794ABA951B50DCF000A02B2D /* ComplicationController.swift in Sources */ = {isa = PBXBuildFile; fileRef = 794ABA941B50DCF000A02B2D /* ComplicationController.swift */; };
		794ABA971B50DCF000A02B2D /* Assets.xcassets in Resources */ = {isa = PBXBuildFile; fileRef = 794ABA961B50DCF000A02B2D /* Assets.xcassets */; };
		794ABA9B1B50DCF000A02B2D /* Todo.app in Embed Watch Content */ = {isa = PBXBuildFile; fileRef = 794ABA791B50DCF000A02B2D /* Todo.app */; };
		794ABACF1B50E37E00A02B2D /* StorageWatch.framework in Frameworks */ = {isa = PBXBuildFile; fileRef = 794ABAC41B50E31500A02B2D /* StorageWatch.framework */; };
		794ABAD01B50E37E00A02B2D /* StorageWatch.framework in Embed Frameworks */ = {isa = PBXBuildFile; fileRef = 794ABAC41B50E31500A02B2D /* StorageWatch.framework */; settings = {ATTRIBUTES = (CodeSignOnCopy, RemoveHeadersOnCopy, ); }; };
		794ABAE51B50E79300A02B2D /* NSDate+FormatString.swift in Sources */ = {isa = PBXBuildFile; fileRef = 794ABA6B1B504DEB00A02B2D /* NSDate+FormatString.swift */; };
		79533E981B4B05AF00FCB6DD /* AppDelegate.swift in Sources */ = {isa = PBXBuildFile; fileRef = 79533E971B4B05AF00FCB6DD /* AppDelegate.swift */; };
		79533E9D1B4B05AF00FCB6DD /* Main.storyboard in Resources */ = {isa = PBXBuildFile; fileRef = 79533E9B1B4B05AF00FCB6DD /* Main.storyboard */; };
		79533E9F1B4B05AF00FCB6DD /* Assets.xcassets in Resources */ = {isa = PBXBuildFile; fileRef = 79533E9E1B4B05AF00FCB6DD /* Assets.xcassets */; };
		79533EA21B4B05AF00FCB6DD /* LaunchScreen.storyboard in Resources */ = {isa = PBXBuildFile; fileRef = 79533EA01B4B05AF00FCB6DD /* LaunchScreen.storyboard */; };
		79533EAD1B4B05B000FCB6DD /* WatchSampleTests.swift in Sources */ = {isa = PBXBuildFile; fileRef = 79533EAC1B4B05B000FCB6DD /* WatchSampleTests.swift */; };
		79533EB81B4B05B000FCB6DD /* WatchSampleUITests.swift in Sources */ = {isa = PBXBuildFile; fileRef = 79533EB71B4B05B000FCB6DD /* WatchSampleUITests.swift */; };
		7955A5A91B502EFC00677F2E /* TodoEntity.swift in Sources */ = {isa = PBXBuildFile; fileRef = 7955A5A81B502EFC00677F2E /* TodoEntity.swift */; };
		7955A5B41B5031CC00677F2E /* Storage.h in Headers */ = {isa = PBXBuildFile; fileRef = 7955A5B31B5031CC00677F2E /* Storage.h */; settings = {ATTRIBUTES = (Public, ); }; };
		7955A5BB1B5031CC00677F2E /* Storage.framework in Frameworks */ = {isa = PBXBuildFile; fileRef = 7955A5B11B5031CC00677F2E /* Storage.framework */; };
		7955A5C21B5031CC00677F2E /* StorageTests.swift in Sources */ = {isa = PBXBuildFile; fileRef = 7955A5C11B5031CC00677F2E /* StorageTests.swift */; };
		7955A5C61B5031CC00677F2E /* Storage.framework in Frameworks */ = {isa = PBXBuildFile; fileRef = 7955A5B11B5031CC00677F2E /* Storage.framework */; };
		7955A5C71B5031CC00677F2E /* Storage.framework in Embed Frameworks */ = {isa = PBXBuildFile; fileRef = 7955A5B11B5031CC00677F2E /* Storage.framework */; settings = {ATTRIBUTES = (CodeSignOnCopy, RemoveHeadersOnCopy, ); }; };
		7955A5D01B50321900677F2E /* StorageCache.swift in Sources */ = {isa = PBXBuildFile; fileRef = 7955A5CF1B50321900677F2E /* StorageCache.swift */; };
		7955A5D21B50326900677F2E /* Defination.swift in Sources */ = {isa = PBXBuildFile; fileRef = 7955A5D11B50326900677F2E /* Defination.swift */; };
		7955A5D31B50364400677F2E /* Storage.swift in Sources */ = {isa = PBXBuildFile; fileRef = 7955A5AA1B502F8300677F2E /* Storage.swift */; };
		7955A5D51B503DBE00677F2E /* Storage+WatchSample.swift in Sources */ = {isa = PBXBuildFile; fileRef = 7955A5D41B503DBE00677F2E /* Storage+WatchSample.swift */; };
/* End PBXBuildFile section */

/* Begin PBXContainerItemProxy section */
		794ABA871B50DCF000A02B2D /* PBXContainerItemProxy */ = {
			isa = PBXContainerItemProxy;
			containerPortal = 79533E8C1B4B05AF00FCB6DD /* Project object */;
			proxyType = 1;
			remoteGlobalIDString = 794ABA841B50DCF000A02B2D;
			remoteInfo = "Todo Extension";
		};
		794ABA991B50DCF000A02B2D /* PBXContainerItemProxy */ = {
			isa = PBXContainerItemProxy;
			containerPortal = 79533E8C1B4B05AF00FCB6DD /* Project object */;
			proxyType = 1;
			remoteGlobalIDString = 794ABA781B50DCF000A02B2D;
			remoteInfo = Todo;
		};
		794ABAD11B50E37E00A02B2D /* PBXContainerItemProxy */ = {
			isa = PBXContainerItemProxy;
			containerPortal = 79533E8C1B4B05AF00FCB6DD /* Project object */;
			proxyType = 1;
			remoteGlobalIDString = 794ABAC31B50E31500A02B2D;
			remoteInfo = StorageWatch;
		};
		79533EA91B4B05B000FCB6DD /* PBXContainerItemProxy */ = {
			isa = PBXContainerItemProxy;
			containerPortal = 79533E8C1B4B05AF00FCB6DD /* Project object */;
			proxyType = 1;
			remoteGlobalIDString = 79533E931B4B05AF00FCB6DD;
			remoteInfo = WatchSample;
		};
		79533EB41B4B05B000FCB6DD /* PBXContainerItemProxy */ = {
			isa = PBXContainerItemProxy;
			containerPortal = 79533E8C1B4B05AF00FCB6DD /* Project object */;
			proxyType = 1;
			remoteGlobalIDString = 79533E931B4B05AF00FCB6DD;
			remoteInfo = WatchSample;
		};
		7955A5BC1B5031CC00677F2E /* PBXContainerItemProxy */ = {
			isa = PBXContainerItemProxy;
			containerPortal = 79533E8C1B4B05AF00FCB6DD /* Project object */;
			proxyType = 1;
			remoteGlobalIDString = 7955A5B01B5031CC00677F2E;
			remoteInfo = Storage;
		};
		7955A5BE1B5031CC00677F2E /* PBXContainerItemProxy */ = {
			isa = PBXContainerItemProxy;
			containerPortal = 79533E8C1B4B05AF00FCB6DD /* Project object */;
			proxyType = 1;
			remoteGlobalIDString = 79533E931B4B05AF00FCB6DD;
			remoteInfo = WatchSample;
		};
		7955A5C41B5031CC00677F2E /* PBXContainerItemProxy */ = {
			isa = PBXContainerItemProxy;
			containerPortal = 79533E8C1B4B05AF00FCB6DD /* Project object */;
			proxyType = 1;
			remoteGlobalIDString = 7955A5B01B5031CC00677F2E;
			remoteInfo = Storage;
		};
/* End PBXContainerItemProxy section */

/* Begin PBXCopyFilesBuildPhase section */
		794ABA9F1B50DCF000A02B2D /* Embed App Extensions */ = {
			isa = PBXCopyFilesBuildPhase;
			buildActionMask = 2147483647;
			dstPath = "";
			dstSubfolderSpec = 13;
			files = (
				794ABA861B50DCF000A02B2D /* Todo Extension.appex in Embed App Extensions */,
			);
			name = "Embed App Extensions";
			runOnlyForDeploymentPostprocessing = 0;
		};
		794ABAD31B50E37E00A02B2D /* Embed Frameworks */ = {
			isa = PBXCopyFilesBuildPhase;
			buildActionMask = 2147483647;
			dstPath = "";
			dstSubfolderSpec = 10;
			files = (
				794ABAD01B50E37E00A02B2D /* StorageWatch.framework in Embed Frameworks */,
			);
			name = "Embed Frameworks";
			runOnlyForDeploymentPostprocessing = 0;
		};
		79533EE81B4B05B000FCB6DD /* Embed Watch Content */ = {
			isa = PBXCopyFilesBuildPhase;
			buildActionMask = 2147483647;
			dstPath = "$(CONTENTS_FOLDER_PATH)/Watch";
			dstSubfolderSpec = 16;
			files = (
				794ABA9B1B50DCF000A02B2D /* Todo.app in Embed Watch Content */,
			);
			name = "Embed Watch Content";
			runOnlyForDeploymentPostprocessing = 0;
		};
		7955A5CB1B5031CC00677F2E /* Embed Frameworks */ = {
			isa = PBXCopyFilesBuildPhase;
			buildActionMask = 2147483647;
			dstPath = "";
			dstSubfolderSpec = 10;
			files = (
				7955A5C71B5031CC00677F2E /* Storage.framework in Embed Frameworks */,
			);
			name = "Embed Frameworks";
			runOnlyForDeploymentPostprocessing = 0;
		};
/* End PBXCopyFilesBuildPhase section */

/* Begin PBXFileReference section */
		23C0426A04A8E00E99816436 /* Pods.release.xcconfig */ = {isa = PBXFileReference; includeInIndex = 1; lastKnownFileType = text.xcconfig; name = Pods.release.xcconfig; path = "Pods/Target Support Files/Pods/Pods.release.xcconfig"; sourceTree = "<group>"; };
		63FE1142331D1D7CE3E3CFB8 /* Pods.framework */ = {isa = PBXFileReference; explicitFileType = wrapper.framework; includeInIndex = 0; path = Pods.framework; sourceTree = BUILT_PRODUCTS_DIR; };
		7939C65D1B4D5F3B00081FAE /* MainTableViewController.swift */ = {isa = PBXFileReference; fileEncoding = 4; lastKnownFileType = sourcecode.swift; path = MainTableViewController.swift; sourceTree = "<group>"; };
		793C12B51B517A75003E59D3 /* EntitiesDetailInterfaceController.swift */ = {isa = PBXFileReference; fileEncoding = 4; lastKnownFileType = sourcecode.swift; path = EntitiesDetailInterfaceController.swift; sourceTree = "<group>"; };
		7945562A1B5141CD0084F048 /* StorageWatch.h */ = {isa = PBXFileReference; fileEncoding = 4; lastKnownFileType = sourcecode.c.h; path = StorageWatch.h; sourceTree = "<group>"; };
		7945562F1B51451F0084F048 /* EntityRowController.swift */ = {isa = PBXFileReference; fileEncoding = 4; lastKnownFileType = sourcecode.swift; name = EntityRowController.swift; path = "Todo Extension/EntityRowController.swift"; sourceTree = "<group>"; };
		794ABA6B1B504DEB00A02B2D /* NSDate+FormatString.swift */ = {isa = PBXFileReference; fileEncoding = 4; lastKnownFileType = sourcecode.swift; path = "NSDate+FormatString.swift"; sourceTree = "<group>"; };
		794ABA6D1B50522A00A02B2D /* PriorityOption.swift */ = {isa = PBXFileReference; fileEncoding = 4; lastKnownFileType = sourcecode.swift; path = PriorityOption.swift; sourceTree = "<group>"; };
		794ABA6F1B50569200A02B2D /* EntitiesManager.swift */ = {isa = PBXFileReference; fileEncoding = 4; lastKnownFileType = sourcecode.swift; path = EntitiesManager.swift; sourceTree = "<group>"; };
		794ABA711B50591900A02B2D /* EntityFormViewController.swift */ = {isa = PBXFileReference; fileEncoding = 4; lastKnownFileType = sourcecode.swift; path = EntityFormViewController.swift; sourceTree = "<group>"; };
		794ABA791B50DCF000A02B2D /* Todo.app */ = {isa = PBXFileReference; explicitFileType = wrapper.application; includeInIndex = 0; path = Todo.app; sourceTree = BUILT_PRODUCTS_DIR; };
		794ABA7C1B50DCF000A02B2D /* Base */ = {isa = PBXFileReference; lastKnownFileType = file.storyboard; name = Base; path = Base.lproj/Interface.storyboard; sourceTree = "<group>"; };
		794ABA7E1B50DCF000A02B2D /* Assets.xcassets */ = {isa = PBXFileReference; lastKnownFileType = folder.assetcatalog; path = Assets.xcassets; sourceTree = "<group>"; };
		794ABA801B50DCF000A02B2D /* Info.plist */ = {isa = PBXFileReference; lastKnownFileType = text.plist.xml; path = Info.plist; sourceTree = "<group>"; };
		794ABA851B50DCF000A02B2D /* Todo Extension.appex */ = {isa = PBXFileReference; explicitFileType = "wrapper.app-extension"; includeInIndex = 0; path = "Todo Extension.appex"; sourceTree = BUILT_PRODUCTS_DIR; };
		794ABA8B1B50DCF000A02B2D /* PushNotificationPayload.apns */ = {isa = PBXFileReference; lastKnownFileType = text; path = PushNotificationPayload.apns; sourceTree = "<group>"; };
		794ABA8C1B50DCF000A02B2D /* InterfaceController.swift */ = {isa = PBXFileReference; lastKnownFileType = sourcecode.swift; path = InterfaceController.swift; sourceTree = "<group>"; };
		794ABA8E1B50DCF000A02B2D /* ExtensionDelegate.swift */ = {isa = PBXFileReference; lastKnownFileType = sourcecode.swift; path = ExtensionDelegate.swift; sourceTree = "<group>"; };
		794ABA901B50DCF000A02B2D /* NotificationController.swift */ = {isa = PBXFileReference; lastKnownFileType = sourcecode.swift; path = NotificationController.swift; sourceTree = "<group>"; };
		794ABA921B50DCF000A02B2D /* GlanceController.swift */ = {isa = PBXFileReference; lastKnownFileType = sourcecode.swift; path = GlanceController.swift; sourceTree = "<group>"; };
		794ABA941B50DCF000A02B2D /* ComplicationController.swift */ = {isa = PBXFileReference; lastKnownFileType = sourcecode.swift; path = ComplicationController.swift; sourceTree = "<group>"; };
		794ABA961B50DCF000A02B2D /* Assets.xcassets */ = {isa = PBXFileReference; lastKnownFileType = folder.assetcatalog; path = Assets.xcassets; sourceTree = "<group>"; };
		794ABA981B50DCF000A02B2D /* Info.plist */ = {isa = PBXFileReference; lastKnownFileType = text.plist.xml; path = Info.plist; sourceTree = "<group>"; };
		794ABAC41B50E31500A02B2D /* StorageWatch.framework */ = {isa = PBXFileReference; explicitFileType = wrapper.framework; includeInIndex = 0; path = StorageWatch.framework; sourceTree = BUILT_PRODUCTS_DIR; };
		79533E941B4B05AF00FCB6DD /* WatchSample.app */ = {isa = PBXFileReference; explicitFileType = wrapper.application; includeInIndex = 0; path = WatchSample.app; sourceTree = BUILT_PRODUCTS_DIR; };
		79533E971B4B05AF00FCB6DD /* AppDelegate.swift */ = {isa = PBXFileReference; lastKnownFileType = sourcecode.swift; path = AppDelegate.swift; sourceTree = "<group>"; };
		79533E9C1B4B05AF00FCB6DD /* Base */ = {isa = PBXFileReference; lastKnownFileType = file.storyboard; name = Base; path = Base.lproj/Main.storyboard; sourceTree = "<group>"; };
		79533E9E1B4B05AF00FCB6DD /* Assets.xcassets */ = {isa = PBXFileReference; lastKnownFileType = folder.assetcatalog; path = Assets.xcassets; sourceTree = "<group>"; };
		79533EA11B4B05AF00FCB6DD /* Base */ = {isa = PBXFileReference; lastKnownFileType = file.storyboard; name = Base; path = Base.lproj/LaunchScreen.storyboard; sourceTree = "<group>"; };
		79533EA31B4B05AF00FCB6DD /* Info.plist */ = {isa = PBXFileReference; lastKnownFileType = text.plist.xml; path = Info.plist; sourceTree = "<group>"; };
		79533EA81B4B05B000FCB6DD /* WatchSampleTests.xctest */ = {isa = PBXFileReference; explicitFileType = wrapper.cfbundle; includeInIndex = 0; path = WatchSampleTests.xctest; sourceTree = BUILT_PRODUCTS_DIR; };
		79533EAC1B4B05B000FCB6DD /* WatchSampleTests.swift */ = {isa = PBXFileReference; lastKnownFileType = sourcecode.swift; path = WatchSampleTests.swift; sourceTree = "<group>"; };
		79533EAE1B4B05B000FCB6DD /* Info.plist */ = {isa = PBXFileReference; lastKnownFileType = text.plist.xml; path = Info.plist; sourceTree = "<group>"; };
		79533EB31B4B05B000FCB6DD /* WatchSampleUITests.xctest */ = {isa = PBXFileReference; explicitFileType = wrapper.cfbundle; includeInIndex = 0; path = WatchSampleUITests.xctest; sourceTree = BUILT_PRODUCTS_DIR; };
		79533EB71B4B05B000FCB6DD /* WatchSampleUITests.swift */ = {isa = PBXFileReference; lastKnownFileType = sourcecode.swift; path = WatchSampleUITests.swift; sourceTree = "<group>"; };
		79533EB91B4B05B000FCB6DD /* Info.plist */ = {isa = PBXFileReference; lastKnownFileType = text.plist.xml; path = Info.plist; sourceTree = "<group>"; };
		7955A5A81B502EFC00677F2E /* TodoEntity.swift */ = {isa = PBXFileReference; fileEncoding = 4; lastKnownFileType = sourcecode.swift; path = TodoEntity.swift; sourceTree = "<group>"; };
		7955A5AA1B502F8300677F2E /* Storage.swift */ = {isa = PBXFileReference; fileEncoding = 4; lastKnownFileType = sourcecode.swift; name = Storage.swift; path = ../WatchSample/Storage.swift; sourceTree = "<group>"; };
		7955A5B11B5031CC00677F2E /* Storage.framework */ = {isa = PBXFileReference; explicitFileType = wrapper.framework; includeInIndex = 0; path = Storage.framework; sourceTree = BUILT_PRODUCTS_DIR; };
		7955A5B31B5031CC00677F2E /* Storage.h */ = {isa = PBXFileReference; lastKnownFileType = sourcecode.c.h; path = Storage.h; sourceTree = "<group>"; };
		7955A5B51B5031CC00677F2E /* Info.plist */ = {isa = PBXFileReference; lastKnownFileType = text.plist.xml; path = Info.plist; sourceTree = "<group>"; };
		7955A5BA1B5031CC00677F2E /* StorageTests.xctest */ = {isa = PBXFileReference; explicitFileType = wrapper.cfbundle; includeInIndex = 0; path = StorageTests.xctest; sourceTree = BUILT_PRODUCTS_DIR; };
		7955A5C11B5031CC00677F2E /* StorageTests.swift */ = {isa = PBXFileReference; lastKnownFileType = sourcecode.swift; path = StorageTests.swift; sourceTree = "<group>"; };
		7955A5C31B5031CC00677F2E /* Info.plist */ = {isa = PBXFileReference; lastKnownFileType = text.plist.xml; path = Info.plist; sourceTree = "<group>"; };
		7955A5CF1B50321900677F2E /* StorageCache.swift */ = {isa = PBXFileReference; fileEncoding = 4; lastKnownFileType = sourcecode.swift; path = StorageCache.swift; sourceTree = "<group>"; };
		7955A5D11B50326900677F2E /* Defination.swift */ = {isa = PBXFileReference; fileEncoding = 4; lastKnownFileType = sourcecode.swift; path = Defination.swift; sourceTree = "<group>"; };
		7955A5D41B503DBE00677F2E /* Storage+WatchSample.swift */ = {isa = PBXFileReference; fileEncoding = 4; lastKnownFileType = sourcecode.swift; path = "Storage+WatchSample.swift"; sourceTree = "<group>"; };
		BDB5C90784A185D1F79BA8EE /* Pods.debug.xcconfig */ = {isa = PBXFileReference; includeInIndex = 1; lastKnownFileType = text.xcconfig; name = Pods.debug.xcconfig; path = "Pods/Target Support Files/Pods/Pods.debug.xcconfig"; sourceTree = "<group>"; };
/* End PBXFileReference section */

/* Begin PBXFrameworksBuildPhase section */
		794ABA821B50DCF000A02B2D /* Frameworks */ = {
			isa = PBXFrameworksBuildPhase;
			buildActionMask = 2147483647;
			files = (
				794ABACF1B50E37E00A02B2D /* StorageWatch.framework in Frameworks */,
			);
			runOnlyForDeploymentPostprocessing = 0;
		};
		794ABAC01B50E31500A02B2D /* Frameworks */ = {
			isa = PBXFrameworksBuildPhase;
			buildActionMask = 2147483647;
			files = (
			);
			runOnlyForDeploymentPostprocessing = 0;
		};
		79533E911B4B05AF00FCB6DD /* Frameworks */ = {
			isa = PBXFrameworksBuildPhase;
			buildActionMask = 2147483647;
			files = (
				7955A5C61B5031CC00677F2E /* Storage.framework in Frameworks */,
				30A3253505C8E511FF5F26CE /* Pods.framework in Frameworks */,
			);
			runOnlyForDeploymentPostprocessing = 0;
		};
		79533EA51B4B05B000FCB6DD /* Frameworks */ = {
			isa = PBXFrameworksBuildPhase;
			buildActionMask = 2147483647;
			files = (
			);
			runOnlyForDeploymentPostprocessing = 0;
		};
		79533EB01B4B05B000FCB6DD /* Frameworks */ = {
			isa = PBXFrameworksBuildPhase;
			buildActionMask = 2147483647;
			files = (
			);
			runOnlyForDeploymentPostprocessing = 0;
		};
		7955A5AD1B5031CC00677F2E /* Frameworks */ = {
			isa = PBXFrameworksBuildPhase;
			buildActionMask = 2147483647;
			files = (
			);
			runOnlyForDeploymentPostprocessing = 0;
		};
		7955A5B71B5031CC00677F2E /* Frameworks */ = {
			isa = PBXFrameworksBuildPhase;
			buildActionMask = 2147483647;
			files = (
				7955A5BB1B5031CC00677F2E /* Storage.framework in Frameworks */,
			);
			runOnlyForDeploymentPostprocessing = 0;
		};
/* End PBXFrameworksBuildPhase section */

/* Begin PBXGroup section */
		794ABA6A1B504DD700A02B2D /* Utilities */ = {
			isa = PBXGroup;
			children = (
				794ABA6B1B504DEB00A02B2D /* NSDate+FormatString.swift */,
			);
			name = Utilities;
			sourceTree = "<group>";
		};
		794ABA751B50DC3500A02B2D /* FormViewController */ = {
			isa = PBXGroup;
			children = (
				794ABA711B50591900A02B2D /* EntityFormViewController.swift */,
			);
			name = FormViewController;
			sourceTree = "<group>";
		};
		794ABA761B50DC4E00A02B2D /* Manager */ = {
			isa = PBXGroup;
			children = (
				794ABA6F1B50569200A02B2D /* EntitiesManager.swift */,
			);
			name = Manager;
			sourceTree = "<group>";
		};
		794ABA7A1B50DCF000A02B2D /* Todo */ = {
			isa = PBXGroup;
			children = (
				794ABA7B1B50DCF000A02B2D /* Interface.storyboard */,
				794ABA7E1B50DCF000A02B2D /* Assets.xcassets */,
				794ABA801B50DCF000A02B2D /* Info.plist */,
			);
			path = Todo;
			sourceTree = "<group>";
		};
		794ABA891B50DCF000A02B2D /* Todo Extension */ = {
			isa = PBXGroup;
			children = (
				79FBD5021B525FD20077583B /* Row Controller */,
				794ABA8C1B50DCF000A02B2D /* InterfaceController.swift */,
				793C12B51B517A75003E59D3 /* EntitiesDetailInterfaceController.swift */,
				794ABA8E1B50DCF000A02B2D /* ExtensionDelegate.swift */,
				794ABA901B50DCF000A02B2D /* NotificationController.swift */,
				794ABA921B50DCF000A02B2D /* GlanceController.swift */,
				794ABA941B50DCF000A02B2D /* ComplicationController.swift */,
				794ABA961B50DCF000A02B2D /* Assets.xcassets */,
				794ABA981B50DCF000A02B2D /* Info.plist */,
				794ABA8A1B50DCF000A02B2D /* Supporting Files */,
			);
			path = "Todo Extension";
			sourceTree = "<group>";
		};
		794ABA8A1B50DCF000A02B2D /* Supporting Files */ = {
			isa = PBXGroup;
			children = (
				794ABA8B1B50DCF000A02B2D /* PushNotificationPayload.apns */,
			);
			name = "Supporting Files";
			sourceTree = "<group>";
		};
		79533E8B1B4B05AF00FCB6DD = {
			isa = PBXGroup;
			children = (
				79533E961B4B05AF00FCB6DD /* WatchSample */,
				79533EAB1B4B05B000FCB6DD /* WatchSampleTests */,
				79533EB61B4B05B000FCB6DD /* WatchSampleUITests */,
				7955A5B21B5031CC00677F2E /* Storage */,
				7955A5C01B5031CC00677F2E /* StorageTests */,
				794ABA7A1B50DCF000A02B2D /* Todo */,
				794ABA891B50DCF000A02B2D /* Todo Extension */,
				79533E951B4B05AF00FCB6DD /* Products */,
				FF59A418FE03A1A9CD121795 /* Frameworks */,
				D6830B36B824C637D19FD259 /* Pods */,
			);
			sourceTree = "<group>";
		};
		79533E951B4B05AF00FCB6DD /* Products */ = {
			isa = PBXGroup;
			children = (
				79533E941B4B05AF00FCB6DD /* WatchSample.app */,
				79533EA81B4B05B000FCB6DD /* WatchSampleTests.xctest */,
				79533EB31B4B05B000FCB6DD /* WatchSampleUITests.xctest */,
				7955A5B11B5031CC00677F2E /* Storage.framework */,
				7955A5BA1B5031CC00677F2E /* StorageTests.xctest */,
				794ABA791B50DCF000A02B2D /* Todo.app */,
				794ABA851B50DCF000A02B2D /* Todo Extension.appex */,
				794ABAC41B50E31500A02B2D /* StorageWatch.framework */,
			);
			name = Products;
			sourceTree = "<group>";
		};
		79533E961B4B05AF00FCB6DD /* WatchSample */ = {
			isa = PBXGroup;
			children = (
				794ABA6A1B504DD700A02B2D /* Utilities */,
				7955A5A71B502EE800677F2E /* TodoEntity */,
				79533E971B4B05AF00FCB6DD /* AppDelegate.swift */,
				7939C65D1B4D5F3B00081FAE /* MainTableViewController.swift */,
				79533E9B1B4B05AF00FCB6DD /* Main.storyboard */,
				79533E9E1B4B05AF00FCB6DD /* Assets.xcassets */,
				79533EA01B4B05AF00FCB6DD /* LaunchScreen.storyboard */,
				79533EA31B4B05AF00FCB6DD /* Info.plist */,
			);
			path = WatchSample;
			sourceTree = "<group>";
		};
		79533EAB1B4B05B000FCB6DD /* WatchSampleTests */ = {
			isa = PBXGroup;
			children = (
				79533EAC1B4B05B000FCB6DD /* WatchSampleTests.swift */,
				79533EAE1B4B05B000FCB6DD /* Info.plist */,
			);
			path = WatchSampleTests;
			sourceTree = "<group>";
		};
		79533EB61B4B05B000FCB6DD /* WatchSampleUITests */ = {
			isa = PBXGroup;
			children = (
				79533EB71B4B05B000FCB6DD /* WatchSampleUITests.swift */,
				79533EB91B4B05B000FCB6DD /* Info.plist */,
			);
			path = WatchSampleUITests;
			sourceTree = "<group>";
		};
		7955A5A71B502EE800677F2E /* TodoEntity */ = {
			isa = PBXGroup;
			children = (
				794ABA761B50DC4E00A02B2D /* Manager */,
				794ABA751B50DC3500A02B2D /* FormViewController */,
				7955A5A81B502EFC00677F2E /* TodoEntity.swift */,
				7955A5D41B503DBE00677F2E /* Storage+WatchSample.swift */,
				794ABA6D1B50522A00A02B2D /* PriorityOption.swift */,
			);
			name = TodoEntity;
			sourceTree = "<group>";
		};
		7955A5B21B5031CC00677F2E /* Storage */ = {
			isa = PBXGroup;
			children = (
				7955A5B31B5031CC00677F2E /* Storage.h */,
				7945562A1B5141CD0084F048 /* StorageWatch.h */,
				7955A5D11B50326900677F2E /* Defination.swift */,
				7955A5AA1B502F8300677F2E /* Storage.swift */,
				7955A5CF1B50321900677F2E /* StorageCache.swift */,
				7955A5B51B5031CC00677F2E /* Info.plist */,
			);
			path = Storage;
			sourceTree = "<group>";
		};
		7955A5C01B5031CC00677F2E /* StorageTests */ = {
			isa = PBXGroup;
			children = (
				7955A5C11B5031CC00677F2E /* StorageTests.swift */,
				7955A5C31B5031CC00677F2E /* Info.plist */,
			);
			path = StorageTests;
			sourceTree = "<group>";
		};
		79FBD5021B525FD20077583B /* Row Controller */ = {
			isa = PBXGroup;
			children = (
				7945562F1B51451F0084F048 /* EntityRowController.swift */,
			);
			name = "Row Controller";
			path = ..;
			sourceTree = "<group>";
		};
		D6830B36B824C637D19FD259 /* Pods */ = {
			isa = PBXGroup;
			children = (
				23C0426A04A8E00E99816436 /* Pods.release.xcconfig */,
				BDB5C90784A185D1F79BA8EE /* Pods.debug.xcconfig */,
			);
			name = Pods;
			sourceTree = "<group>";
		};
		FF59A418FE03A1A9CD121795 /* Frameworks */ = {
			isa = PBXGroup;
			children = (
				63FE1142331D1D7CE3E3CFB8 /* Pods.framework */,
			);
			name = Frameworks;
			sourceTree = "<group>";
		};
/* End PBXGroup section */

/* Begin PBXHeadersBuildPhase section */
		794ABAC11B50E31500A02B2D /* Headers */ = {
			isa = PBXHeadersBuildPhase;
			buildActionMask = 2147483647;
			files = (
				7945562B1B5141CD0084F048 /* StorageWatch.h in Headers */,
			);
			runOnlyForDeploymentPostprocessing = 0;
		};
		7955A5AE1B5031CC00677F2E /* Headers */ = {
			isa = PBXHeadersBuildPhase;
			buildActionMask = 2147483647;
			files = (
				7955A5B41B5031CC00677F2E /* Storage.h in Headers */,
			);
			runOnlyForDeploymentPostprocessing = 0;
		};
/* End PBXHeadersBuildPhase section */

/* Begin PBXNativeTarget section */
		794ABA781B50DCF000A02B2D /* Todo */ = {
			isa = PBXNativeTarget;
			buildConfigurationList = 794ABAA01B50DCF000A02B2D /* Build configuration list for PBXNativeTarget "Todo" */;
			buildPhases = (
				794ABA771B50DCF000A02B2D /* Resources */,
				794ABA9F1B50DCF000A02B2D /* Embed App Extensions */,
			);
			buildRules = (
			);
			dependencies = (
				794ABA881B50DCF000A02B2D /* PBXTargetDependency */,
			);
			name = Todo;
			productName = Todo;
			productReference = 794ABA791B50DCF000A02B2D /* Todo.app */;
			productType = "com.apple.product-type.application.watchapp2";
		};
		794ABA841B50DCF000A02B2D /* Todo Extension */ = {
			isa = PBXNativeTarget;
			buildConfigurationList = 794ABA9C1B50DCF000A02B2D /* Build configuration list for PBXNativeTarget "Todo Extension" */;
			buildPhases = (
				794ABA811B50DCF000A02B2D /* Sources */,
				794ABA821B50DCF000A02B2D /* Frameworks */,
				794ABA831B50DCF000A02B2D /* Resources */,
				794ABAD31B50E37E00A02B2D /* Embed Frameworks */,
			);
			buildRules = (
			);
			dependencies = (
				794ABAD21B50E37E00A02B2D /* PBXTargetDependency */,
			);
			name = "Todo Extension";
			productName = "Todo Extension";
			productReference = 794ABA851B50DCF000A02B2D /* Todo Extension.appex */;
			productType = "com.apple.product-type.watchkit2-extension";
		};
		794ABAC31B50E31500A02B2D /* StorageWatch */ = {
			isa = PBXNativeTarget;
			buildConfigurationList = 794ABAC91B50E31500A02B2D /* Build configuration list for PBXNativeTarget "StorageWatch" */;
			buildPhases = (
				794ABABF1B50E31500A02B2D /* Sources */,
				794ABAC01B50E31500A02B2D /* Frameworks */,
				794ABAC11B50E31500A02B2D /* Headers */,
				794ABAC21B50E31500A02B2D /* Resources */,
			);
			buildRules = (
			);
			dependencies = (
			);
			name = StorageWatch;
			productName = StorageWatch;
			productReference = 794ABAC41B50E31500A02B2D /* StorageWatch.framework */;
			productType = "com.apple.product-type.framework";
		};
		79533E931B4B05AF00FCB6DD /* WatchSample */ = {
			isa = PBXNativeTarget;
			buildConfigurationList = 79533EE91B4B05B000FCB6DD /* Build configuration list for PBXNativeTarget "WatchSample" */;
			buildPhases = (
				8786CBEE0A838D6686EB4833 /* Check Pods Manifest.lock */,
				79533E901B4B05AF00FCB6DD /* Sources */,
				79533E911B4B05AF00FCB6DD /* Frameworks */,
				79533E921B4B05AF00FCB6DD /* Resources */,
				79533EE81B4B05B000FCB6DD /* Embed Watch Content */,
				7955A5CB1B5031CC00677F2E /* Embed Frameworks */,
				104C2B40B1341B2E03F28EAB /* Copy Pods Resources */,
				4CE0227711AC70E1F96B2B82 /* Embed Pods Frameworks */,
			);
			buildRules = (
			);
			dependencies = (
				7955A5C51B5031CC00677F2E /* PBXTargetDependency */,
				794ABA9A1B50DCF000A02B2D /* PBXTargetDependency */,
			);
			name = WatchSample;
			productName = WatchSample;
			productReference = 79533E941B4B05AF00FCB6DD /* WatchSample.app */;
			productType = "com.apple.product-type.application";
		};
		79533EA71B4B05B000FCB6DD /* WatchSampleTests */ = {
			isa = PBXNativeTarget;
			buildConfigurationList = 79533EEC1B4B05B000FCB6DD /* Build configuration list for PBXNativeTarget "WatchSampleTests" */;
			buildPhases = (
				79533EA41B4B05B000FCB6DD /* Sources */,
				79533EA51B4B05B000FCB6DD /* Frameworks */,
				79533EA61B4B05B000FCB6DD /* Resources */,
			);
			buildRules = (
			);
			dependencies = (
				79533EAA1B4B05B000FCB6DD /* PBXTargetDependency */,
			);
			name = WatchSampleTests;
			productName = WatchSampleTests;
			productReference = 79533EA81B4B05B000FCB6DD /* WatchSampleTests.xctest */;
			productType = "com.apple.product-type.bundle.unit-test";
		};
		79533EB21B4B05B000FCB6DD /* WatchSampleUITests */ = {
			isa = PBXNativeTarget;
			buildConfigurationList = 79533EEF1B4B05B000FCB6DD /* Build configuration list for PBXNativeTarget "WatchSampleUITests" */;
			buildPhases = (
				79533EAF1B4B05B000FCB6DD /* Sources */,
				79533EB01B4B05B000FCB6DD /* Frameworks */,
				79533EB11B4B05B000FCB6DD /* Resources */,
			);
			buildRules = (
			);
			dependencies = (
				79533EB51B4B05B000FCB6DD /* PBXTargetDependency */,
			);
			name = WatchSampleUITests;
			productName = WatchSampleUITests;
			productReference = 79533EB31B4B05B000FCB6DD /* WatchSampleUITests.xctest */;
			productType = "com.apple.product-type.bundle.ui-testing";
		};
		7955A5B01B5031CC00677F2E /* Storage */ = {
			isa = PBXNativeTarget;
			buildConfigurationList = 7955A5C81B5031CC00677F2E /* Build configuration list for PBXNativeTarget "Storage" */;
			buildPhases = (
				7955A5AC1B5031CC00677F2E /* Sources */,
				7955A5AD1B5031CC00677F2E /* Frameworks */,
				7955A5AE1B5031CC00677F2E /* Headers */,
				7955A5AF1B5031CC00677F2E /* Resources */,
			);
			buildRules = (
			);
			dependencies = (
			);
			name = Storage;
			productName = Storage;
			productReference = 7955A5B11B5031CC00677F2E /* Storage.framework */;
			productType = "com.apple.product-type.framework";
		};
		7955A5B91B5031CC00677F2E /* StorageTests */ = {
			isa = PBXNativeTarget;
			buildConfigurationList = 7955A5CC1B5031CC00677F2E /* Build configuration list for PBXNativeTarget "StorageTests" */;
			buildPhases = (
				7955A5B61B5031CC00677F2E /* Sources */,
				7955A5B71B5031CC00677F2E /* Frameworks */,
				7955A5B81B5031CC00677F2E /* Resources */,
			);
			buildRules = (
			);
			dependencies = (
				7955A5BD1B5031CC00677F2E /* PBXTargetDependency */,
				7955A5BF1B5031CC00677F2E /* PBXTargetDependency */,
			);
			name = StorageTests;
			productName = StorageTests;
			productReference = 7955A5BA1B5031CC00677F2E /* StorageTests.xctest */;
			productType = "com.apple.product-type.bundle.unit-test";
		};
/* End PBXNativeTarget section */

/* Begin PBXProject section */
		79533E8C1B4B05AF00FCB6DD /* Project object */ = {
			isa = PBXProject;
			attributes = {
				LastSwiftMigration = 0700;
				LastSwiftUpdateCheck = 0700;
				LastUpgradeCheck = 0700;
				ORGANIZATIONNAME = "Grady Zhuo";
				TargetAttributes = {
					794ABA781B50DCF000A02B2D = {
						CreatedOnToolsVersion = 7.0;
					};
					794ABA841B50DCF000A02B2D = {
						CreatedOnToolsVersion = 7.0;
					};
					794ABAC31B50E31500A02B2D = {
						CreatedOnToolsVersion = 7.0;
					};
					79533E931B4B05AF00FCB6DD = {
						CreatedOnToolsVersion = 7.0;
					};
					79533EA71B4B05B000FCB6DD = {
						CreatedOnToolsVersion = 7.0;
						TestTargetID = 79533E931B4B05AF00FCB6DD;
					};
					79533EB21B4B05B000FCB6DD = {
						CreatedOnToolsVersion = 7.0;
						TestTargetID = 79533E931B4B05AF00FCB6DD;
					};
					7955A5B01B5031CC00677F2E = {
						CreatedOnToolsVersion = 7.0;
					};
					7955A5B91B5031CC00677F2E = {
						CreatedOnToolsVersion = 7.0;
						TestTargetID = 79533E931B4B05AF00FCB6DD;
					};
				};
			};
			buildConfigurationList = 79533E8F1B4B05AF00FCB6DD /* Build configuration list for PBXProject "WatchSample" */;
			compatibilityVersion = "Xcode 3.2";
			developmentRegion = English;
			hasScannedForEncodings = 0;
			knownRegions = (
				en,
				Base,
			);
			mainGroup = 79533E8B1B4B05AF00FCB6DD;
			productRefGroup = 79533E951B4B05AF00FCB6DD /* Products */;
			projectDirPath = "";
			projectRoot = "";
			targets = (
				79533E931B4B05AF00FCB6DD /* WatchSample */,
				79533EA71B4B05B000FCB6DD /* WatchSampleTests */,
				79533EB21B4B05B000FCB6DD /* WatchSampleUITests */,
				7955A5B91B5031CC00677F2E /* StorageTests */,
				794ABA781B50DCF000A02B2D /* Todo */,
				794ABA841B50DCF000A02B2D /* Todo Extension */,
				7955A5B01B5031CC00677F2E /* Storage */,
				794ABAC31B50E31500A02B2D /* StorageWatch */,
			);
		};
/* End PBXProject section */

/* Begin PBXResourcesBuildPhase section */
		794ABA771B50DCF000A02B2D /* Resources */ = {
			isa = PBXResourcesBuildPhase;
			buildActionMask = 2147483647;
			files = (
				794ABA7F1B50DCF000A02B2D /* Assets.xcassets in Resources */,
				794ABA7D1B50DCF000A02B2D /* Interface.storyboard in Resources */,
			);
			runOnlyForDeploymentPostprocessing = 0;
		};
		794ABA831B50DCF000A02B2D /* Resources */ = {
			isa = PBXResourcesBuildPhase;
			buildActionMask = 2147483647;
			files = (
				794ABA971B50DCF000A02B2D /* Assets.xcassets in Resources */,
			);
			runOnlyForDeploymentPostprocessing = 0;
		};
		794ABAC21B50E31500A02B2D /* Resources */ = {
			isa = PBXResourcesBuildPhase;
			buildActionMask = 2147483647;
			files = (
			);
			runOnlyForDeploymentPostprocessing = 0;
		};
		79533E921B4B05AF00FCB6DD /* Resources */ = {
			isa = PBXResourcesBuildPhase;
			buildActionMask = 2147483647;
			files = (
				79533EA21B4B05AF00FCB6DD /* LaunchScreen.storyboard in Resources */,
				79533E9F1B4B05AF00FCB6DD /* Assets.xcassets in Resources */,
				79533E9D1B4B05AF00FCB6DD /* Main.storyboard in Resources */,
			);
			runOnlyForDeploymentPostprocessing = 0;
		};
		79533EA61B4B05B000FCB6DD /* Resources */ = {
			isa = PBXResourcesBuildPhase;
			buildActionMask = 2147483647;
			files = (
			);
			runOnlyForDeploymentPostprocessing = 0;
		};
		79533EB11B4B05B000FCB6DD /* Resources */ = {
			isa = PBXResourcesBuildPhase;
			buildActionMask = 2147483647;
			files = (
			);
			runOnlyForDeploymentPostprocessing = 0;
		};
		7955A5AF1B5031CC00677F2E /* Resources */ = {
			isa = PBXResourcesBuildPhase;
			buildActionMask = 2147483647;
			files = (
			);
			runOnlyForDeploymentPostprocessing = 0;
		};
		7955A5B81B5031CC00677F2E /* Resources */ = {
			isa = PBXResourcesBuildPhase;
			buildActionMask = 2147483647;
			files = (
			);
			runOnlyForDeploymentPostprocessing = 0;
		};
/* End PBXResourcesBuildPhase section */

/* Begin PBXShellScriptBuildPhase section */
		104C2B40B1341B2E03F28EAB /* Copy Pods Resources */ = {
			isa = PBXShellScriptBuildPhase;
			buildActionMask = 2147483647;
			files = (
			);
			inputPaths = (
			);
			name = "Copy Pods Resources";
			outputPaths = (
			);
			runOnlyForDeploymentPostprocessing = 0;
			shellPath = /bin/sh;
			shellScript = "\"${SRCROOT}/Pods/Target Support Files/Pods/Pods-resources.sh\"\n";
			showEnvVarsInLog = 0;
		};
		4CE0227711AC70E1F96B2B82 /* Embed Pods Frameworks */ = {
			isa = PBXShellScriptBuildPhase;
			buildActionMask = 2147483647;
			files = (
			);
			inputPaths = (
			);
			name = "Embed Pods Frameworks";
			outputPaths = (
			);
			runOnlyForDeploymentPostprocessing = 0;
			shellPath = /bin/sh;
			shellScript = "\"${SRCROOT}/Pods/Target Support Files/Pods/Pods-frameworks.sh\"\n";
			showEnvVarsInLog = 0;
		};
		8786CBEE0A838D6686EB4833 /* Check Pods Manifest.lock */ = {
			isa = PBXShellScriptBuildPhase;
			buildActionMask = 2147483647;
			files = (
			);
			inputPaths = (
			);
			name = "Check Pods Manifest.lock";
			outputPaths = (
			);
			runOnlyForDeploymentPostprocessing = 0;
			shellPath = /bin/sh;
			shellScript = "diff \"${PODS_ROOT}/../Podfile.lock\" \"${PODS_ROOT}/Manifest.lock\" > /dev/null\nif [[ $? != 0 ]] ; then\n    cat << EOM\nerror: The sandbox is not in sync with the Podfile.lock. Run 'pod install' or update your CocoaPods installation.\nEOM\n    exit 1\nfi\n";
			showEnvVarsInLog = 0;
		};
/* End PBXShellScriptBuildPhase section */

/* Begin PBXSourcesBuildPhase section */
		794ABA811B50DCF000A02B2D /* Sources */ = {
			isa = PBXSourcesBuildPhase;
			buildActionMask = 2147483647;
			files = (
				794ABAE51B50E79300A02B2D /* NSDate+FormatString.swift in Sources */,
				794556301B51451F0084F048 /* EntityRowController.swift in Sources */,
				794ABA911B50DCF000A02B2D /* NotificationController.swift in Sources */,
				793C12B31B51610E003E59D3 /* TodoEntity.swift in Sources */,
				794ABA8F1B50DCF000A02B2D /* ExtensionDelegate.swift in Sources */,
				793C12B41B51610E003E59D3 /* Storage+WatchSample.swift in Sources */,
				794ABA951B50DCF000A02B2D /* ComplicationController.swift in Sources */,
				793C12A91B515F61003E59D3 /* EntitiesManager.swift in Sources */,
				794ABA8D1B50DCF000A02B2D /* InterfaceController.swift in Sources */,
				793C12B61B517A75003E59D3 /* EntitiesDetailInterfaceController.swift in Sources */,
				794ABA931B50DCF000A02B2D /* GlanceController.swift in Sources */,
			);
			runOnlyForDeploymentPostprocessing = 0;
		};
		794ABABF1B50E31500A02B2D /* Sources */ = {
			isa = PBXSourcesBuildPhase;
			buildActionMask = 2147483647;
			files = (
				7945562C1B51420D0084F048 /* Defination.swift in Sources */,
				7945562D1B51420D0084F048 /* Storage.swift in Sources */,
				7945562E1B51420D0084F048 /* StorageCache.swift in Sources */,
			);
			runOnlyForDeploymentPostprocessing = 0;
		};
		79533E901B4B05AF00FCB6DD /* Sources */ = {
			isa = PBXSourcesBuildPhase;
			buildActionMask = 2147483647;
			files = (
				794ABA701B50569200A02B2D /* EntitiesManager.swift in Sources */,
				794ABA721B50591900A02B2D /* EntityFormViewController.swift in Sources */,
				794ABA6C1B504DEB00A02B2D /* NSDate+FormatString.swift in Sources */,
				7955A5D51B503DBE00677F2E /* Storage+WatchSample.swift in Sources */,
				7939C65E1B4D5F3B00081FAE /* MainTableViewController.swift in Sources */,
				7955A5A91B502EFC00677F2E /* TodoEntity.swift in Sources */,
				79533E981B4B05AF00FCB6DD /* AppDelegate.swift in Sources */,
				794ABA6E1B50522A00A02B2D /* PriorityOption.swift in Sources */,
			);
			runOnlyForDeploymentPostprocessing = 0;
		};
		79533EA41B4B05B000FCB6DD /* Sources */ = {
			isa = PBXSourcesBuildPhase;
			buildActionMask = 2147483647;
			files = (
				79533EAD1B4B05B000FCB6DD /* WatchSampleTests.swift in Sources */,
				794ABA741B5069B200A02B2D /* EntityFormViewController.swift in Sources */,
			);
			runOnlyForDeploymentPostprocessing = 0;
		};
		79533EAF1B4B05B000FCB6DD /* Sources */ = {
			isa = PBXSourcesBuildPhase;
			buildActionMask = 2147483647;
			files = (
				79533EB81B4B05B000FCB6DD /* WatchSampleUITests.swift in Sources */,
			);
			runOnlyForDeploymentPostprocessing = 0;
		};
		7955A5AC1B5031CC00677F2E /* Sources */ = {
			isa = PBXSourcesBuildPhase;
			buildActionMask = 2147483647;
			files = (
				7955A5D21B50326900677F2E /* Defination.swift in Sources */,
				7955A5D01B50321900677F2E /* StorageCache.swift in Sources */,
				7955A5D31B50364400677F2E /* Storage.swift in Sources */,
			);
			runOnlyForDeploymentPostprocessing = 0;
		};
		7955A5B61B5031CC00677F2E /* Sources */ = {
			isa = PBXSourcesBuildPhase;
			buildActionMask = 2147483647;
			files = (
				7955A5C21B5031CC00677F2E /* StorageTests.swift in Sources */,
			);
			runOnlyForDeploymentPostprocessing = 0;
		};
/* End PBXSourcesBuildPhase section */

/* Begin PBXTargetDependency section */
		794ABA881B50DCF000A02B2D /* PBXTargetDependency */ = {
			isa = PBXTargetDependency;
			target = 794ABA841B50DCF000A02B2D /* Todo Extension */;
			targetProxy = 794ABA871B50DCF000A02B2D /* PBXContainerItemProxy */;
		};
		794ABA9A1B50DCF000A02B2D /* PBXTargetDependency */ = {
			isa = PBXTargetDependency;
			target = 794ABA781B50DCF000A02B2D /* Todo */;
			targetProxy = 794ABA991B50DCF000A02B2D /* PBXContainerItemProxy */;
		};
		794ABAD21B50E37E00A02B2D /* PBXTargetDependency */ = {
			isa = PBXTargetDependency;
			target = 794ABAC31B50E31500A02B2D /* StorageWatch */;
			targetProxy = 794ABAD11B50E37E00A02B2D /* PBXContainerItemProxy */;
		};
		79533EAA1B4B05B000FCB6DD /* PBXTargetDependency */ = {
			isa = PBXTargetDependency;
			target = 79533E931B4B05AF00FCB6DD /* WatchSample */;
			targetProxy = 79533EA91B4B05B000FCB6DD /* PBXContainerItemProxy */;
		};
		79533EB51B4B05B000FCB6DD /* PBXTargetDependency */ = {
			isa = PBXTargetDependency;
			target = 79533E931B4B05AF00FCB6DD /* WatchSample */;
			targetProxy = 79533EB41B4B05B000FCB6DD /* PBXContainerItemProxy */;
		};
		7955A5BD1B5031CC00677F2E /* PBXTargetDependency */ = {
			isa = PBXTargetDependency;
			target = 7955A5B01B5031CC00677F2E /* Storage */;
			targetProxy = 7955A5BC1B5031CC00677F2E /* PBXContainerItemProxy */;
		};
		7955A5BF1B5031CC00677F2E /* PBXTargetDependency */ = {
			isa = PBXTargetDependency;
			target = 79533E931B4B05AF00FCB6DD /* WatchSample */;
			targetProxy = 7955A5BE1B5031CC00677F2E /* PBXContainerItemProxy */;
		};
		7955A5C51B5031CC00677F2E /* PBXTargetDependency */ = {
			isa = PBXTargetDependency;
			target = 7955A5B01B5031CC00677F2E /* Storage */;
			targetProxy = 7955A5C41B5031CC00677F2E /* PBXContainerItemProxy */;
		};
/* End PBXTargetDependency section */

/* Begin PBXVariantGroup section */
		794ABA7B1B50DCF000A02B2D /* Interface.storyboard */ = {
			isa = PBXVariantGroup;
			children = (
				794ABA7C1B50DCF000A02B2D /* Base */,
			);
			name = Interface.storyboard;
			sourceTree = "<group>";
		};
		79533E9B1B4B05AF00FCB6DD /* Main.storyboard */ = {
			isa = PBXVariantGroup;
			children = (
				79533E9C1B4B05AF00FCB6DD /* Base */,
			);
			name = Main.storyboard;
			sourceTree = "<group>";
		};
		79533EA01B4B05AF00FCB6DD /* LaunchScreen.storyboard */ = {
			isa = PBXVariantGroup;
			children = (
				79533EA11B4B05AF00FCB6DD /* Base */,
			);
			name = LaunchScreen.storyboard;
			sourceTree = "<group>";
		};
/* End PBXVariantGroup section */

/* Begin XCBuildConfiguration section */
		794ABA9D1B50DCF000A02B2D /* Release */ = {
			isa = XCBuildConfiguration;
			buildSettings = {
				ASSETCATALOG_COMPILER_COMPLICATION_NAME = Complication;
				EMBEDDED_CONTENT_CONTAINS_SWIFT = YES;
				FRAMEWORK_SEARCH_PATHS = (
					"$(inherited)",
					"$(PROJECT_DIR)",
				);
				INFOPLIST_FILE = "Todo Extension/Info.plist";
				LD_RUNPATH_SEARCH_PATHS = "$(inherited) @executable_path/Frameworks @executable_path/../../Frameworks";
				OTHER_CFLAGS = "-DWATCH=1";
				PRODUCT_BUNDLE_IDENTIFIER = com.ofsky.WatchSample.watchkitapp.watchkitextension;
				PRODUCT_NAME = "${TARGET_NAME}";
				SDKROOT = watchos;
				SKIP_INSTALL = YES;
				TARGETED_DEVICE_FAMILY = 4;
				WATCHOS_DEPLOYMENT_TARGET = 2.0;
			};
			name = Release;
		};
		794ABA9E1B50DCF000A02B2D /* Debug */ = {
			isa = XCBuildConfiguration;
			buildSettings = {
				ASSETCATALOG_COMPILER_COMPLICATION_NAME = Complication;
				DEBUG_INFORMATION_FORMAT = dwarf;
				EMBEDDED_CONTENT_CONTAINS_SWIFT = YES;
				ENABLE_TESTABILITY = YES;
				FRAMEWORK_SEARCH_PATHS = (
					"$(inherited)",
					"$(PROJECT_DIR)",
				);
				GCC_DYNAMIC_NO_PIC = NO;
				GCC_OPTIMIZATION_LEVEL = 0;
				GCC_PREPROCESSOR_DEFINITIONS = (
					"DEBUG=1",
					"$(inherited)",
				);
				INFOPLIST_FILE = "Todo Extension/Info.plist";
				LD_RUNPATH_SEARCH_PATHS = "$(inherited) @executable_path/Frameworks @executable_path/../../Frameworks";
				MTL_ENABLE_DEBUG_INFO = YES;
				ONLY_ACTIVE_ARCH = YES;
				OTHER_CFLAGS = "-DWATCH=1";
				PRODUCT_BUNDLE_IDENTIFIER = com.ofsky.WatchSample.watchkitapp.watchkitextension;
				PRODUCT_NAME = "${TARGET_NAME}";
				SDKROOT = watchos;
				SKIP_INSTALL = YES;
				SWIFT_OPTIMIZATION_LEVEL = "-Onone";
				TARGETED_DEVICE_FAMILY = 4;
				WATCHOS_DEPLOYMENT_TARGET = 2.0;
			};
			name = Debug;
		};
		794ABAA11B50DCF000A02B2D /* Release */ = {
			isa = XCBuildConfiguration;
			buildSettings = {
				ASSETCATALOG_COMPILER_APPICON_NAME = AppIcon;
				EMBEDDED_CONTENT_CONTAINS_SWIFT = YES;
				IBSC_MODULE = Todo_Extension;
				INFOPLIST_FILE = Todo/Info.plist;
				PRODUCT_BUNDLE_IDENTIFIER = com.ofsky.WatchSample.watchkitapp;
				PRODUCT_NAME = "$(TARGET_NAME)";
				SDKROOT = watchos;
				SKIP_INSTALL = YES;
				TARGETED_DEVICE_FAMILY = 4;
				WATCHOS_DEPLOYMENT_TARGET = 2.0;
			};
			name = Release;
		};
		794ABAA21B50DCF000A02B2D /* Debug */ = {
			isa = XCBuildConfiguration;
			buildSettings = {
				ASSETCATALOG_COMPILER_APPICON_NAME = AppIcon;
				DEBUG_INFORMATION_FORMAT = dwarf;
				EMBEDDED_CONTENT_CONTAINS_SWIFT = YES;
				ENABLE_TESTABILITY = YES;
				GCC_DYNAMIC_NO_PIC = NO;
				GCC_OPTIMIZATION_LEVEL = 0;
				GCC_PREPROCESSOR_DEFINITIONS = (
					"DEBUG=1",
					"$(inherited)",
				);
				IBSC_MODULE = Todo_Extension;
				INFOPLIST_FILE = Todo/Info.plist;
				MTL_ENABLE_DEBUG_INFO = YES;
				ONLY_ACTIVE_ARCH = YES;
				PRODUCT_BUNDLE_IDENTIFIER = com.ofsky.WatchSample.watchkitapp;
				PRODUCT_NAME = "$(TARGET_NAME)";
				SDKROOT = watchos;
				SKIP_INSTALL = YES;
				SWIFT_OPTIMIZATION_LEVEL = "-Onone";
				TARGETED_DEVICE_FAMILY = 4;
				WATCHOS_DEPLOYMENT_TARGET = 2.0;
			};
			name = Debug;
		};
		794ABACA1B50E31500A02B2D /* Release */ = {
			isa = XCBuildConfiguration;
			buildSettings = {
				CLANG_ENABLE_MODULES = YES;
				CURRENT_PROJECT_VERSION = 1;
				DEFINES_MODULE = YES;
				DYLIB_COMPATIBILITY_VERSION = 1;
				DYLIB_CURRENT_VERSION = 1;
				DYLIB_INSTALL_NAME_BASE = "@rpath";
				INFOPLIST_FILE = "Storage/Info-Watch.plist";
				INSTALL_PATH = "$(LOCAL_LIBRARY_DIR)/Frameworks";
				LD_RUNPATH_SEARCH_PATHS = "$(inherited) @executable_path/Frameworks @loader_path/Frameworks";
				PRODUCT_BUNDLE_IDENTIFIER = com.ofsky.StorageWatch;
				PRODUCT_NAME = "$(TARGET_NAME)";
				SDKROOT = watchos;
				SKIP_INSTALL = YES;
				TARGETED_DEVICE_FAMILY = 4;
				VERSIONING_SYSTEM = "apple-generic";
				VERSION_INFO_PREFIX = "";
				WATCHOS_DEPLOYMENT_TARGET = 2.0;
			};
			name = Release;
		};
		794ABACB1B50E31500A02B2D /* Debug */ = {
			isa = XCBuildConfiguration;
			buildSettings = {
				CLANG_ENABLE_MODULES = YES;
				CURRENT_PROJECT_VERSION = 1;
				DEBUG_INFORMATION_FORMAT = dwarf;
				DEFINES_MODULE = YES;
				DYLIB_COMPATIBILITY_VERSION = 1;
				DYLIB_CURRENT_VERSION = 1;
				DYLIB_INSTALL_NAME_BASE = "@rpath";
				ENABLE_TESTABILITY = YES;
				GCC_DYNAMIC_NO_PIC = NO;
				GCC_OPTIMIZATION_LEVEL = 0;
				GCC_PREPROCESSOR_DEFINITIONS = (
					"DEBUG=1",
					"$(inherited)",
				);
				INFOPLIST_FILE = "Storage/Info-Watch.plist";
				INSTALL_PATH = "$(LOCAL_LIBRARY_DIR)/Frameworks";
				LD_RUNPATH_SEARCH_PATHS = "$(inherited) @executable_path/Frameworks @loader_path/Frameworks";
				MTL_ENABLE_DEBUG_INFO = YES;
				ONLY_ACTIVE_ARCH = NO;
				PRODUCT_BUNDLE_IDENTIFIER = com.ofsky.StorageWatch;
				PRODUCT_NAME = "$(TARGET_NAME)";
				SDKROOT = watchos;
				SKIP_INSTALL = YES;
				SWIFT_OPTIMIZATION_LEVEL = "-Onone";
				TARGETED_DEVICE_FAMILY = 4;
				VERSIONING_SYSTEM = "apple-generic";
				VERSION_INFO_PREFIX = "";
				WATCHOS_DEPLOYMENT_TARGET = 2.0;
			};
			name = Debug;
		};
		79533EE01B4B05B000FCB6DD /* Release */ = {
			isa = XCBuildConfiguration;
			buildSettings = {
				ALWAYS_SEARCH_USER_PATHS = NO;
				CLANG_CXX_LANGUAGE_STANDARD = "gnu++0x";
				CLANG_CXX_LIBRARY = "libc++";
				CLANG_ENABLE_MODULES = YES;
				CLANG_ENABLE_OBJC_ARC = YES;
				CLANG_WARN_BOOL_CONVERSION = YES;
				CLANG_WARN_CONSTANT_CONVERSION = YES;
				CLANG_WARN_DIRECT_OBJC_ISA_USAGE = YES_ERROR;
				CLANG_WARN_EMPTY_BODY = YES;
				CLANG_WARN_ENUM_CONVERSION = YES;
				CLANG_WARN_INT_CONVERSION = YES;
				CLANG_WARN_OBJC_ROOT_CLASS = YES_ERROR;
				CLANG_WARN_UNREACHABLE_CODE = YES;
				CLANG_WARN__DUPLICATE_METHOD_MATCH = YES;
				"CODE_SIGN_IDENTITY[sdk=iphoneos*]" = "iPhone Developer";
				COPY_PHASE_STRIP = NO;
				DEBUG_INFORMATION_FORMAT = "dwarf-with-dsym";
				ENABLE_NS_ASSERTIONS = NO;
				ENABLE_STRICT_OBJC_MSGSEND = YES;
				GCC_C_LANGUAGE_STANDARD = gnu99;
				GCC_NO_COMMON_BLOCKS = YES;
				GCC_WARN_64_TO_32_BIT_CONVERSION = YES;
				GCC_WARN_ABOUT_RETURN_TYPE = YES_ERROR;
				GCC_WARN_UNDECLARED_SELECTOR = YES;
				GCC_WARN_UNINITIALIZED_AUTOS = YES_AGGRESSIVE;
				GCC_WARN_UNUSED_FUNCTION = YES;
				GCC_WARN_UNUSED_VARIABLE = YES;
				IPHONEOS_DEPLOYMENT_TARGET = 9.0;
				MTL_ENABLE_DEBUG_INFO = NO;
				SDKROOT = iphoneos;
				TARGETED_DEVICE_FAMILY = "1,2";
				VALIDATE_PRODUCT = YES;
			};
			name = Release;
		};
		79533EEB1B4B05B000FCB6DD /* Release */ = {
			isa = XCBuildConfiguration;
			baseConfigurationReference = 23C0426A04A8E00E99816436 /* Pods.release.xcconfig */;
			buildSettings = {
				ASSETCATALOG_COMPILER_APPICON_NAME = AppIcon;
				EMBEDDED_CONTENT_CONTAINS_SWIFT = YES;
				FRAMEWORK_SEARCH_PATHS = (
					"$(inherited)",
					"$(PROJECT_DIR)",
				);
				GCC_PREPROCESSOR_DEFINITIONS = "$(inherited)";
				INFOPLIST_FILE = WatchSample/Info.plist;
				IPHONEOS_DEPLOYMENT_TARGET = 9.0;
				LD_RUNPATH_SEARCH_PATHS = "$(inherited) @executable_path/Frameworks";
				OTHER_CFLAGS = "$(inherited)";
				OTHER_SWIFT_FLAGS = "$(inherited)";
				PRODUCT_BUNDLE_IDENTIFIER = com.ofsky.WatchSample;
				PRODUCT_NAME = "$(TARGET_NAME)";
				SWIFT_OBJC_BRIDGING_HEADER = "";
			};
			name = Release;
		};
		79533EEE1B4B05B000FCB6DD /* Release */ = {
			isa = XCBuildConfiguration;
			buildSettings = {
				BUNDLE_LOADER = "$(TEST_HOST)";
				INFOPLIST_FILE = WatchSampleTests/Info.plist;
				LD_RUNPATH_SEARCH_PATHS = "$(inherited) @executable_path/Frameworks @loader_path/Frameworks";
				PRODUCT_BUNDLE_IDENTIFIER = com.ofsky.WatchSampleTests;
				PRODUCT_NAME = "$(TARGET_NAME)";
				TEST_HOST = "$(BUILT_PRODUCTS_DIR)/WatchSample.app/WatchSample";
			};
			name = Release;
		};
		79533EF11B4B05B000FCB6DD /* Release */ = {
			isa = XCBuildConfiguration;
			buildSettings = {
				INFOPLIST_FILE = WatchSampleUITests/Info.plist;
				LD_RUNPATH_SEARCH_PATHS = "$(inherited) @executable_path/Frameworks @loader_path/Frameworks";
				PRODUCT_BUNDLE_IDENTIFIER = com.ofsky.WatchSampleUITests;
				PRODUCT_NAME = "$(TARGET_NAME)";
				TEST_TARGET_NAME = WatchSample;
				USES_XCTRUNNER = YES;
			};
			name = Release;
		};
		7955A5C91B5031CC00677F2E /* Release */ = {
			isa = XCBuildConfiguration;
			buildSettings = {
				CLANG_ENABLE_MODULES = YES;
				CURRENT_PROJECT_VERSION = 1;
				DEFINES_MODULE = YES;
				DYLIB_COMPATIBILITY_VERSION = 1;
				DYLIB_CURRENT_VERSION = 1;
				DYLIB_INSTALL_NAME_BASE = "@rpath";
				INFOPLIST_FILE = Storage/Info.plist;
				INSTALL_PATH = "$(LOCAL_LIBRARY_DIR)/Frameworks";
				LD_RUNPATH_SEARCH_PATHS = "$(inherited) @executable_path/Frameworks @loader_path/Frameworks";
				OTHER_CFLAGS = "";
				PRODUCT_BUNDLE_IDENTIFIER = com.ofsky.Storage;
				PRODUCT_NAME = "$(TARGET_NAME)";
				SDKROOT = iphoneos9.0;
				SKIP_INSTALL = YES;
				VERSIONING_SYSTEM = "apple-generic";
				VERSION_INFO_PREFIX = "";
			};
			name = Release;
		};
		7955A5CA1B5031CC00677F2E /* Debug */ = {
			isa = XCBuildConfiguration;
			buildSettings = {
				CLANG_ENABLE_MODULES = YES;
				CURRENT_PROJECT_VERSION = 1;
				DEBUG_INFORMATION_FORMAT = dwarf;
				DEFINES_MODULE = YES;
				DYLIB_COMPATIBILITY_VERSION = 1;
				DYLIB_CURRENT_VERSION = 1;
				DYLIB_INSTALL_NAME_BASE = "@rpath";
				ENABLE_TESTABILITY = YES;
				GCC_DYNAMIC_NO_PIC = NO;
				GCC_OPTIMIZATION_LEVEL = 0;
				GCC_PREPROCESSOR_DEFINITIONS = (
					"DEBUG=1",
					"$(inherited)",
				);
				INFOPLIST_FILE = Storage/Info.plist;
				INSTALL_PATH = "$(LOCAL_LIBRARY_DIR)/Frameworks";
				LD_RUNPATH_SEARCH_PATHS = "$(inherited) @executable_path/Frameworks @loader_path/Frameworks";
				MTL_ENABLE_DEBUG_INFO = YES;
				ONLY_ACTIVE_ARCH = NO;
				OTHER_CFLAGS = "";
				PRODUCT_BUNDLE_IDENTIFIER = com.ofsky.Storage;
				PRODUCT_NAME = "$(TARGET_NAME)";
				SDKROOT = iphoneos9.0;
				SKIP_INSTALL = YES;
				SWIFT_OPTIMIZATION_LEVEL = "-Onone";
				VERSIONING_SYSTEM = "apple-generic";
				VERSION_INFO_PREFIX = "";
			};
			name = Debug;
		};
		7955A5CD1B5031CC00677F2E /* Release */ = {
			isa = XCBuildConfiguration;
			buildSettings = {
				INFOPLIST_FILE = StorageTests/Info.plist;
				LD_RUNPATH_SEARCH_PATHS = "$(inherited) @executable_path/Frameworks @loader_path/Frameworks";
				PRODUCT_BUNDLE_IDENTIFIER = com.ofsky.StorageTests;
				PRODUCT_NAME = "$(TARGET_NAME)";
				TEST_HOST = "$(BUILT_PRODUCTS_DIR)/WatchSample.app/WatchSample";
			};
			name = Release;
		};
		7955A5CE1B5031CC00677F2E /* Debug */ = {
			isa = XCBuildConfiguration;
			buildSettings = {
				DEBUG_INFORMATION_FORMAT = dwarf;
				ENABLE_TESTABILITY = YES;
				GCC_DYNAMIC_NO_PIC = NO;
				GCC_OPTIMIZATION_LEVEL = 0;
				GCC_PREPROCESSOR_DEFINITIONS = (
					"DEBUG=1",
					"$(inherited)",
				);
				INFOPLIST_FILE = StorageTests/Info.plist;
				LD_RUNPATH_SEARCH_PATHS = "$(inherited) @executable_path/Frameworks @loader_path/Frameworks";
				MTL_ENABLE_DEBUG_INFO = YES;
				ONLY_ACTIVE_ARCH = YES;
				PRODUCT_BUNDLE_IDENTIFIER = com.ofsky.StorageTests;
				PRODUCT_NAME = "$(TARGET_NAME)";
				SWIFT_OPTIMIZATION_LEVEL = "-Onone";
				TEST_HOST = "$(BUILT_PRODUCTS_DIR)/WatchSample.app/WatchSample";
			};
			name = Debug;
		};
		79BC4BB11B4DB4AC003670C3 /* Debug */ = {
			isa = XCBuildConfiguration;
			buildSettings = {
				ALWAYS_SEARCH_USER_PATHS = NO;
				CLANG_CXX_LANGUAGE_STANDARD = "gnu++0x";
				CLANG_CXX_LIBRARY = "libc++";
				CLANG_ENABLE_MODULES = YES;
				CLANG_ENABLE_OBJC_ARC = YES;
				CLANG_WARN_BOOL_CONVERSION = YES;
				CLANG_WARN_CONSTANT_CONVERSION = YES;
				CLANG_WARN_DIRECT_OBJC_ISA_USAGE = YES_ERROR;
				CLANG_WARN_EMPTY_BODY = YES;
				CLANG_WARN_ENUM_CONVERSION = YES;
				CLANG_WARN_INT_CONVERSION = YES;
				CLANG_WARN_OBJC_ROOT_CLASS = YES_ERROR;
				CLANG_WARN_UNREACHABLE_CODE = YES;
				CLANG_WARN__DUPLICATE_METHOD_MATCH = YES;
				"CODE_SIGN_IDENTITY[sdk=iphoneos*]" = "iPhone Developer";
				COPY_PHASE_STRIP = NO;
				DEBUG_INFORMATION_FORMAT = "dwarf-with-dsym";
				ENABLE_NS_ASSERTIONS = NO;
				ENABLE_STRICT_OBJC_MSGSEND = YES;
				GCC_C_LANGUAGE_STANDARD = gnu99;
				GCC_NO_COMMON_BLOCKS = YES;
				GCC_WARN_64_TO_32_BIT_CONVERSION = YES;
				GCC_WARN_ABOUT_RETURN_TYPE = YES_ERROR;
				GCC_WARN_UNDECLARED_SELECTOR = YES;
				GCC_WARN_UNINITIALIZED_AUTOS = YES_AGGRESSIVE;
				GCC_WARN_UNUSED_FUNCTION = YES;
				GCC_WARN_UNUSED_VARIABLE = YES;
				IPHONEOS_DEPLOYMENT_TARGET = 9.0;
				MTL_ENABLE_DEBUG_INFO = NO;
				SDKROOT = iphoneos;
				TARGETED_DEVICE_FAMILY = "1,2";
				VALIDATE_PRODUCT = YES;
			};
			name = Debug;
		};
		79BC4BB21B4DB4AC003670C3 /* Debug */ = {
			isa = XCBuildConfiguration;
			baseConfigurationReference = BDB5C90784A185D1F79BA8EE /* Pods.debug.xcconfig */;
			buildSettings = {
				ASSETCATALOG_COMPILER_APPICON_NAME = AppIcon;
				EMBEDDED_CONTENT_CONTAINS_SWIFT = YES;
				FRAMEWORK_SEARCH_PATHS = (
					"$(inherited)",
					"$(PROJECT_DIR)",
				);
				GCC_PREPROCESSOR_DEFINITIONS = "$(inherited)";
				INFOPLIST_FILE = WatchSample/Info.plist;
				IPHONEOS_DEPLOYMENT_TARGET = 9.0;
				LD_RUNPATH_SEARCH_PATHS = "$(inherited) @executable_path/Frameworks";
				OTHER_CFLAGS = "$(inherited)";
				OTHER_SWIFT_FLAGS = "$(inherited)";
				PRODUCT_BUNDLE_IDENTIFIER = com.ofsky.WatchSample;
				PRODUCT_NAME = "$(TARGET_NAME)";
				SWIFT_OBJC_BRIDGING_HEADER = "";
			};
			name = Debug;
		};
		79BC4BB31B4DB4AC003670C3 /* Debug */ = {
			isa = XCBuildConfiguration;
			buildSettings = {
				BUNDLE_LOADER = "$(TEST_HOST)";
				INFOPLIST_FILE = WatchSampleTests/Info.plist;
				LD_RUNPATH_SEARCH_PATHS = "$(inherited) @executable_path/Frameworks @loader_path/Frameworks";
				PRODUCT_BUNDLE_IDENTIFIER = com.ofsky.WatchSampleTests;
				PRODUCT_NAME = "$(TARGET_NAME)";
				TEST_HOST = "$(BUILT_PRODUCTS_DIR)/WatchSample.app/WatchSample";
			};
			name = Debug;
		};
		79BC4BB41B4DB4AC003670C3 /* Debug */ = {
			isa = XCBuildConfiguration;
			buildSettings = {
				INFOPLIST_FILE = WatchSampleUITests/Info.plist;
				LD_RUNPATH_SEARCH_PATHS = "$(inherited) @executable_path/Frameworks @loader_path/Frameworks";
				PRODUCT_BUNDLE_IDENTIFIER = com.ofsky.WatchSampleUITests;
				PRODUCT_NAME = "$(TARGET_NAME)";
				TEST_TARGET_NAME = WatchSample;
				USES_XCTRUNNER = YES;
			};
			name = Debug;
		};
/* End XCBuildConfiguration section */

/* Begin XCConfigurationList section */
		794ABA9C1B50DCF000A02B2D /* Build configuration list for PBXNativeTarget "Todo Extension" */ = {
			isa = XCConfigurationList;
			buildConfigurations = (
				794ABA9D1B50DCF000A02B2D /* Release */,
				794ABA9E1B50DCF000A02B2D /* Debug */,
			);
			defaultConfigurationIsVisible = 0;
			defaultConfigurationName = Release;
		};
		794ABAA01B50DCF000A02B2D /* Build configuration list for PBXNativeTarget "Todo" */ = {
			isa = XCConfigurationList;
			buildConfigurations = (
				794ABAA11B50DCF000A02B2D /* Release */,
				794ABAA21B50DCF000A02B2D /* Debug */,
			);
			defaultConfigurationIsVisible = 0;
			defaultConfigurationName = Release;
		};
		794ABAC91B50E31500A02B2D /* Build configuration list for PBXNativeTarget "StorageWatch" */ = {
			isa = XCConfigurationList;
			buildConfigurations = (
				794ABACA1B50E31500A02B2D /* Release */,
				794ABACB1B50E31500A02B2D /* Debug */,
			);
			defaultConfigurationIsVisible = 0;
			defaultConfigurationName = Release;
		};
		79533E8F1B4B05AF00FCB6DD /* Build configuration list for PBXProject "WatchSample" */ = {
			isa = XCConfigurationList;
			buildConfigurations = (
				79533EE01B4B05B000FCB6DD /* Release */,
				79BC4BB11B4DB4AC003670C3 /* Debug */,
			);
			defaultConfigurationIsVisible = 0;
			defaultConfigurationName = Release;
		};
		79533EE91B4B05B000FCB6DD /* Build configuration list for PBXNativeTarget "WatchSample" */ = {
			isa = XCConfigurationList;
			buildConfigurations = (
				79533EEB1B4B05B000FCB6DD /* Release */,
				79BC4BB21B4DB4AC003670C3 /* Debug */,
			);
			defaultConfigurationIsVisible = 0;
			defaultConfigurationName = Release;
		};
		79533EEC1B4B05B000FCB6DD /* Build configuration list for PBXNativeTarget "WatchSampleTests" */ = {
			isa = XCConfigurationList;
			buildConfigurations = (
				79533EEE1B4B05B000FCB6DD /* Release */,
				79BC4BB31B4DB4AC003670C3 /* Debug */,
			);
			defaultConfigurationIsVisible = 0;
			defaultConfigurationName = Release;
		};
		79533EEF1B4B05B000FCB6DD /* Build configuration list for PBXNativeTarget "WatchSampleUITests" */ = {
			isa = XCConfigurationList;
			buildConfigurations = (
				79533EF11B4B05B000FCB6DD /* Release */,
				79BC4BB41B4DB4AC003670C3 /* Debug */,
			);
			defaultConfigurationIsVisible = 0;
			defaultConfigurationName = Release;
		};
		7955A5C81B5031CC00677F2E /* Build configuration list for PBXNativeTarget "Storage" */ = {
			isa = XCConfigurationList;
			buildConfigurations = (
				7955A5C91B5031CC00677F2E /* Release */,
				7955A5CA1B5031CC00677F2E /* Debug */,
			);
			defaultConfigurationIsVisible = 0;
			defaultConfigurationName = Release;
		};
		7955A5CC1B5031CC00677F2E /* Build configuration list for PBXNativeTarget "StorageTests" */ = {
			isa = XCConfigurationList;
			buildConfigurations = (
				7955A5CD1B5031CC00677F2E /* Release */,
				7955A5CE1B5031CC00677F2E /* Debug */,
			);
			defaultConfigurationIsVisible = 0;
			defaultConfigurationName = Release;
		};
/* End XCConfigurationList section */
	};
	rootObject = 79533E8C1B4B05AF00FCB6DD /* Project object */;
}
